
Microsoft Visual Studio Solution File, Format Version 12.00
# Visual Studio Version 17
VisualStudioVersion = 17.11.35327.3
MinimumVisualStudioVersion = 10.0.40219.1
Project("{FAE04EC0-301F-11D3-BF4B-00C04F79EFBC}") = "TypeSystems", "TypeSystems.csproj", "{4ABF7B2D-F1ED-43BE-9616-909E2B087446}"
EndProject
Global
	GlobalSection(SolutionConfigurationPlatforms) = preSolution
		Debug|Any CPU = Debug|Any CPU
		Release|Any CPU = Release|Any CPU
	EndGlobalSection
	GlobalSection(ProjectConfigurationPlatforms) = postSolution
		{4ABF7B2D-F1ED-43BE-9616-909E2B087446}.Debug|Any CPU.ActiveCfg = Debug|Any CPU
		{4ABF7B2D-F1ED-43BE-9616-909E2B087446}.Debug|Any CPU.Build.0 = Debug|Any CPU
		{4ABF7B2D-F1ED-43BE-9616-909E2B087446}.Release|Any CPU.ActiveCfg = Release|Any CPU
		{4ABF7B2D-F1ED-43BE-9616-909E2B087446}.Release|Any CPU.Build.0 = Release|Any CPU
	EndGlobalSection
	GlobalSection(SolutionProperties) = preSolution
		HideSolutionNode = FALSE
	EndGlobalSection
	GlobalSection(ExtensibilityGlobals) = postSolution
		SolutionGuid = {1C555E99-0984-40FF-BC00-B597A6527593}
	EndGlobalSection
EndGlobal
